
Microsoft Visual Studio Solution File, Format Version 12.00
# Visual Studio Version 16
VisualStudioVersion = 16.0.30804.86
MinimumVisualStudioVersion = 10.0.40219.1
Project("{FAE04EC0-301F-11D3-BF4B-00C04F79EFBC}") = "Assembly-CSharp", "Assembly-CSharp.csproj", "{D78FF7E4-C38B-086C-8A2F-5C664B3C58AE}"
EndProject
Global
	GlobalSection(SolutionConfigurationPlatforms) = preSolution
		Debug|Any CPU = Debug|Any CPU
		Release|Any CPU = Release|Any CPU
	EndGlobalSection
	GlobalSection(ProjectConfigurationPlatforms) = postSolution
		{D78FF7E4-C38B-086C-8A2F-5C664B3C58AE}.Debug|Any CPU.ActiveCfg = Debug|Any CPU
		{D78FF7E4-C38B-086C-8A2F-5C664B3C58AE}.Debug|Any CPU.Build.0 = Debug|Any CPU
		{D78FF7E4-C38B-086C-8A2F-5C664B3C58AE}.Release|Any CPU.ActiveCfg = Release|Any CPU
		{D78FF7E4-C38B-086C-8A2F-5C664B3C58AE}.Release|Any CPU.Build.0 = Release|Any CPU
	EndGlobalSection
	GlobalSection(SolutionProperties) = preSolution
		HideSolutionNode = FALSE
	EndGlobalSection
	GlobalSection(ExtensibilityGlobals) = postSolution
		SolutionGuid = {96CD8BAA-5C5D-4686-95AE-9DA68741A24C}
	EndGlobalSection
EndGlobal
